{
  "name": "dbex",
  "version": "1.0.0",
  "lockfileVersion": 2,
  "requires": true,
  "packages": {
    "": {
      "version": "1.0.0",
      "license": "GPLv3",
      "dependencies": {
        "frappe-datatable": "^1.15.3",
        "sortablejs": "^1.13.0"
      },
      "engines": {
        "atom": ">=1.45.0 <2.0.0"
      }
    },
    "node_modules/frappe-datatable": {
      "version": "1.15.3",
      "resolved": "https://registry.npmjs.org/frappe-datatable/-/frappe-datatable-1.15.3.tgz",
      "integrity": "sha512-tUE3pNbxCMX0HPKvwurLBPRAOAdS0gNo1+MpoyFSqXI7b7sp6/TCBRht6qu1Luw+VyIzBtXkJdnnqU+Uoy8iow==",
      "dependencies": {
        "hyperlist": "^1.0.0-beta",
        "lodash": "^4.17.5",
        "sortablejs": "^1.7.0"
      }
    },
    "node_modules/hyperlist": {
      "version": "1.0.0",
      "resolved": "https://registry.npmjs.org/hyperlist/-/hyperlist-1.0.0.tgz",
      "integrity": "sha512-1qAjO29EJW/mPyqY+9wFjruD2YWur1dPsPYmt9RvMX6P+8Cr2UmT75MCWjjK+1/4Jxc3sm/G3Kr8DzGgEDRG+Q=="
    },
    "node_modules/lodash": {
      "version": "4.17.21",
      "resolved": "https://registry.npmjs.org/lodash/-/lodash-4.17.21.tgz",
      "integrity": "sha512-v2kDEe57lecTulaDIuNTPy3Ry4gLGJ6Z1O3vE1krgXZNrsQ+LFTGHVxVjcXPs17LhbZVGedAJv8XZ1tvj5FvSg=="
    },
    "node_modules/sortablejs": {
      "version": "1.13.0",
      "resolved": "https://registry.npmjs.org/sortablejs/-/sortablejs-1.13.0.tgz",
      "integrity": "sha512-RBJirPY0spWCrU5yCmWM1eFs/XgX2J5c6b275/YyxFRgnzPhKl/TDeU2hNR8Dt7ITq66NRPM4UlOt+e5O4CFHg=="
    }
  },
  "dependencies": {
    "frappe-datatable": {
      "version": "1.15.3",
      "resolved": "https://registry.npmjs.org/frappe-datatable/-/frappe-datatable-1.15.3.tgz",
      "integrity": "sha512-tUE3pNbxCMX0HPKvwurLBPRAOAdS0gNo1+MpoyFSqXI7b7sp6/TCBRht6qu1Luw+VyIzBtXkJdnnqU+Uoy8iow==",
      "requires": {
        "hyperlist": "^1.0.0-beta",
        "lodash": "^4.17.5",
        "sortablejs": "^1.7.0"
      }
    },
    "hyperlist": {
      "version": "1.0.0",
      "resolved": "https://registry.npmjs.org/hyperlist/-/hyperlist-1.0.0.tgz",
      "integrity": "sha512-1qAjO29EJW/mPyqY+9wFjruD2YWur1dPsPYmt9RvMX6P+8Cr2UmT75MCWjjK+1/4Jxc3sm/G3Kr8DzGgEDRG+Q=="
    },
    "lodash": {
      "version": "4.17.21",
      "resolved": "https://registry.npmjs.org/lodash/-/lodash-4.17.21.tgz",
      "integrity": "sha512-v2kDEe57lecTulaDIuNTPy3Ry4gLGJ6Z1O3vE1krgXZNrsQ+LFTGHVxVjcXPs17LhbZVGedAJv8XZ1tvj5FvSg=="
    },
    "sortablejs": {
      "version": "1.13.0",
      "resolved": "https://registry.npmjs.org/sortablejs/-/sortablejs-1.13.0.tgz",
      "integrity": "sha512-RBJirPY0spWCrU5yCmWM1eFs/XgX2J5c6b275/YyxFRgnzPhKl/TDeU2hNR8Dt7ITq66NRPM4UlOt+e5O4CFHg=="
    }
  }
}
